
Microsoft Visual Studio Solution File, Format Version 12.00
# Visual Studio 15
VisualStudioVersion = 15.0.26228.10
MinimumVisualStudioVersion = 10.0.40219.1
Project("{FAE04EC0-301F-11D3-BF4B-00C04F79EFBC}") = "GsmRanking", "GsmRanking\GsmRanking.csproj", "{2C02F70A-85E9-4389-B318-CFEEA2C6EE66}"
EndProject
Project("{FAE04EC0-301F-11D3-BF4B-00C04F79EFBC}") = "PhotoConverter", "PhotoConverter\PhotoConverter.csproj", "{F3F53BD5-C0DA-4B3E-BCC1-031AAD469DC5}"
EndProject
Global
	GlobalSection(SolutionConfigurationPlatforms) = preSolution
		Debug|Any CPU = Debug|Any CPU
		Release|Any CPU = Release|Any CPU
	EndGlobalSection
	GlobalSection(ProjectConfigurationPlatforms) = postSolution
		{2C02F70A-85E9-4389-B318-CFEEA2C6EE66}.Debug|Any CPU.ActiveCfg = Debug|Any CPU
		{2C02F70A-85E9-4389-B318-CFEEA2C6EE66}.Debug|Any CPU.Build.0 = Debug|Any CPU
		{2C02F70A-85E9-4389-B318-CFEEA2C6EE66}.Release|Any CPU.ActiveCfg = Release|Any CPU
		{2C02F70A-85E9-4389-B318-CFEEA2C6EE66}.Release|Any CPU.Build.0 = Release|Any CPU
		{F3F53BD5-C0DA-4B3E-BCC1-031AAD469DC5}.Debug|Any CPU.ActiveCfg = Debug|Any CPU
		{F3F53BD5-C0DA-4B3E-BCC1-031AAD469DC5}.Debug|Any CPU.Build.0 = Debug|Any CPU
		{F3F53BD5-C0DA-4B3E-BCC1-031AAD469DC5}.Release|Any CPU.ActiveCfg = Release|Any CPU
		{F3F53BD5-C0DA-4B3E-BCC1-031AAD469DC5}.Release|Any CPU.Build.0 = Release|Any CPU
	EndGlobalSection
	GlobalSection(SolutionProperties) = preSolution
		HideSolutionNode = FALSE
	EndGlobalSection
EndGlobal
